
Microsoft Visual Studio Solution File, Format Version 12.00
# Visual Studio 15
VisualStudioVersion = 15.0.27004.2006
MinimumVisualStudioVersion = 10.0.40219.1
Project("{9A19103F-16F7-4668-BE54-9A1E7A4F7556}") = "MVCMovie", "MVCMovie\MVCMovie.csproj", "{BF7420E5-E77F-498F-92C4-1A0C27C0C197}"
EndProject
Project("{FAE04EC0-301F-11D3-BF4B-00C04F79EFBC}") = "Marvin.IDP", "src\Marvin.IDP\Marvin.IDP.csproj", "{A01A90F1-704D-42D8-ADE3-02F2C60FBF23}"
EndProject
Global
	GlobalSection(SolutionConfigurationPlatforms) = preSolution
		Debug|Any CPU = Debug|Any CPU
		Release|Any CPU = Release|Any CPU
	EndGlobalSection
	GlobalSection(ProjectConfigurationPlatforms) = postSolution
		{BF7420E5-E77F-498F-92C4-1A0C27C0C197}.Debug|Any CPU.ActiveCfg = Debug|Any CPU
		{BF7420E5-E77F-498F-92C4-1A0C27C0C197}.Debug|Any CPU.Build.0 = Debug|Any CPU
		{BF7420E5-E77F-498F-92C4-1A0C27C0C197}.Release|Any CPU.ActiveCfg = Release|Any CPU
		{BF7420E5-E77F-498F-92C4-1A0C27C0C197}.Release|Any CPU.Build.0 = Release|Any CPU
		{A01A90F1-704D-42D8-ADE3-02F2C60FBF23}.Debug|Any CPU.ActiveCfg = Debug|Any CPU
		{A01A90F1-704D-42D8-ADE3-02F2C60FBF23}.Debug|Any CPU.Build.0 = Debug|Any CPU
		{A01A90F1-704D-42D8-ADE3-02F2C60FBF23}.Release|Any CPU.ActiveCfg = Release|Any CPU
		{A01A90F1-704D-42D8-ADE3-02F2C60FBF23}.Release|Any CPU.Build.0 = Release|Any CPU
	EndGlobalSection
	GlobalSection(SolutionProperties) = preSolution
		HideSolutionNode = FALSE
	EndGlobalSection
	GlobalSection(ExtensibilityGlobals) = postSolution
		SolutionGuid = {A5007820-B8D8-42AA-B4A6-C557761CFD5A}
	EndGlobalSection
EndGlobal
